// !$*UTF8*$!
{
	archiveVersion = 1;
	classes = {
	};
	objectVersion = 46;
	objects = {

/* Begin PBXBuildFile section */
		3928405D1A52053F00AA7CE8 /* WordGameViewController.swift in Sources */ = {isa = PBXBuildFile; fileRef = 3928405C1A52053F00AA7CE8 /* WordGameViewController.swift */; };
		398D74B61A4A0E4600B127BD /* AppDelegate.swift in Sources */ = {isa = PBXBuildFile; fileRef = 398D74B51A4A0E4600B127BD /* AppDelegate.swift */; };
		398D74B81A4A0E4600B127BD /* ViewController.swift in Sources */ = {isa = PBXBuildFile; fileRef = 398D74B71A4A0E4600B127BD /* ViewController.swift */; };
		398D74BB1A4A0E4600B127BD /* Main.storyboard in Resources */ = {isa = PBXBuildFile; fileRef = 398D74B91A4A0E4600B127BD /* Main.storyboard */; };
		398D74BD1A4A0E4600B127BD /* Images.xcassets in Resources */ = {isa = PBXBuildFile; fileRef = 398D74BC1A4A0E4600B127BD /* Images.xcassets */; };
		398D74C01A4A0E4600B127BD /* LaunchScreen.xib in Resources */ = {isa = PBXBuildFile; fileRef = 398D74BE1A4A0E4600B127BD /* LaunchScreen.xib */; };
		398D74CC1A4A0E4600B127BD /* memolympicsTests.swift in Sources */ = {isa = PBXBuildFile; fileRef = 398D74CB1A4A0E4600B127BD /* memolympicsTests.swift */; };
		398D74D81A4A0E9900B127BD /* WordGame.swift in Sources */ = {isa = PBXBuildFile; fileRef = 398D74D71A4A0E9900B127BD /* WordGame.swift */; };
		398D74E81A4A52CC00B127BD /* dictutf8.txt in Resources */ = {isa = PBXBuildFile; fileRef = 398D74E71A4A52CC00B127BD /* dictutf8.txt */; };
		39F74E1D1A57B8C900FF10D8 /* gameDifficultyViewController.swift in Sources */ = {isa = PBXBuildFile; fileRef = 39F74E1C1A57B8C900FF10D8 /* gameDifficultyViewController.swift */; };
		39FBB8811A55FE6C00EE25C8 /* MemolympicsKit.swift in Sources */ = {isa = PBXBuildFile; fileRef = 39FBB8801A55FE6C00EE25C8 /* MemolympicsKit.swift */; };
		39FBB8831A55FEBB00EE25C8 /* TimeFunctions.swift in Sources */ = {isa = PBXBuildFile; fileRef = 39FBB8821A55FEBB00EE25C8 /* TimeFunctions.swift */; };
		39FBB8871A5606F500EE25C8 /* WordScroller.swift in Sources */ = {isa = PBXBuildFile; fileRef = 39FBB8861A5606F500EE25C8 /* WordScroller.swift */; };
		39FE3BC41A5B869D0063D81C /* gameDifficulty.swift in Sources */ = {isa = PBXBuildFile; fileRef = 39FE3BC31A5B869D0063D81C /* gameDifficulty.swift */; };
/* End PBXBuildFile section */

/* Begin PBXContainerItemProxy section */
		398D74C61A4A0E4600B127BD /* PBXContainerItemProxy */ = {
			isa = PBXContainerItemProxy;
			containerPortal = 398D74A81A4A0E4600B127BD /* Project object */;
			proxyType = 1;
			remoteGlobalIDString = 398D74AF1A4A0E4600B127BD;
			remoteInfo = memolympics;
		};
/* End PBXContainerItemProxy section */

/* Begin PBXFileReference section */
		3928405C1A52053F00AA7CE8 /* WordGameViewController.swift */ = {isa = PBXFileReference; fileEncoding = 4; lastKnownFileType = sourcecode.swift; path = WordGameViewController.swift; sourceTree = "<group>"; };
		398D74B01A4A0E4600B127BD /* memolympics.app */ = {isa = PBXFileReference; explicitFileType = wrapper.application; includeInIndex = 0; path = memolympics.app; sourceTree = BUILT_PRODUCTS_DIR; };
		398D74B41A4A0E4600B127BD /* Info.plist */ = {isa = PBXFileReference; lastKnownFileType = text.plist.xml; path = Info.plist; sourceTree = "<group>"; };
		398D74B51A4A0E4600B127BD /* AppDelegate.swift */ = {isa = PBXFileReference; lastKnownFileType = sourcecode.swift; path = AppDelegate.swift; sourceTree = "<group>"; };
		398D74B71A4A0E4600B127BD /* ViewController.swift */ = {isa = PBXFileReference; lastKnownFileType = sourcecode.swift; path = ViewController.swift; sourceTree = "<group>"; };
		398D74BA1A4A0E4600B127BD /* Base */ = {isa = PBXFileReference; lastKnownFileType = file.storyboard; name = Base; path = Base.lproj/Main.storyboard; sourceTree = "<group>"; };
		398D74BC1A4A0E4600B127BD /* Images.xcassets */ = {isa = PBXFileReference; lastKnownFileType = folder.assetcatalog; path = Images.xcassets; sourceTree = "<group>"; };
		398D74BF1A4A0E4600B127BD /* Base */ = {isa = PBXFileReference; lastKnownFileType = file.xib; name = Base; path = Base.lproj/LaunchScreen.xib; sourceTree = "<group>"; };
		398D74C51A4A0E4600B127BD /* memolympicsTests.xctest */ = {isa = PBXFileReference; explicitFileType = wrapper.cfbundle; includeInIndex = 0; path = memolympicsTests.xctest; sourceTree = BUILT_PRODUCTS_DIR; };
		398D74CA1A4A0E4600B127BD /* Info.plist */ = {isa = PBXFileReference; lastKnownFileType = text.plist.xml; path = Info.plist; sourceTree = "<group>"; };
		398D74CB1A4A0E4600B127BD /* memolympicsTests.swift */ = {isa = PBXFileReference; lastKnownFileType = sourcecode.swift; path = memolympicsTests.swift; sourceTree = "<group>"; };
		398D74D71A4A0E9900B127BD /* WordGame.swift */ = {isa = PBXFileReference; fileEncoding = 4; lastKnownFileType = sourcecode.swift; path = WordGame.swift; sourceTree = "<group>"; };
		398D74D91A4A0F7800B127BD /* playground.playground */ = {isa = PBXFileReference; lastKnownFileType = file.playground; path = playground.playground; sourceTree = "<group>"; };
		398D74E71A4A52CC00B127BD /* dictutf8.txt */ = {isa = PBXFileReference; fileEncoding = 4; lastKnownFileType = text; path = dictutf8.txt; sourceTree = "<group>"; };
		39F74E1C1A57B8C900FF10D8 /* gameDifficultyViewController.swift */ = {isa = PBXFileReference; fileEncoding = 4; lastKnownFileType = sourcecode.swift; path = gameDifficultyViewController.swift; sourceTree = "<group>"; };
		39FBB8801A55FE6C00EE25C8 /* MemolympicsKit.swift */ = {isa = PBXFileReference; fileEncoding = 4; lastKnownFileType = sourcecode.swift; path = MemolympicsKit.swift; sourceTree = "<group>"; };
		39FBB8821A55FEBB00EE25C8 /* TimeFunctions.swift */ = {isa = PBXFileReference; fileEncoding = 4; lastKnownFileType = sourcecode.swift; path = TimeFunctions.swift; sourceTree = "<group>"; };
		39FBB8861A5606F500EE25C8 /* WordScroller.swift */ = {isa = PBXFileReference; fileEncoding = 4; lastKnownFileType = sourcecode.swift; path = WordScroller.swift; sourceTree = "<group>"; };
		39FE3BC31A5B869D0063D81C /* gameDifficulty.swift */ = {isa = PBXFileReference; fileEncoding = 4; lastKnownFileType = sourcecode.swift; path = gameDifficulty.swift; sourceTree = "<group>"; };
/* End PBXFileReference section */

/* Begin PBXFrameworksBuildPhase section */
		398D74AD1A4A0E4600B127BD /* Frameworks */ = {
			isa = PBXFrameworksBuildPhase;
			buildActionMask = 2147483647;
			files = (
			);
			runOnlyForDeploymentPostprocessing = 0;
		};
		398D74C21A4A0E4600B127BD /* Frameworks */ = {
			isa = PBXFrameworksBuildPhase;
			buildActionMask = 2147483647;
			files = (
			);
			runOnlyForDeploymentPostprocessing = 0;
		};
/* End PBXFrameworksBuildPhase section */

/* Begin PBXGroup section */
		398D74A71A4A0E4600B127BD = {
			isa = PBXGroup;
			children = (
				398D74B21A4A0E4600B127BD /* memolympics */,
				398D74C81A4A0E4600B127BD /* memolympicsTests */,
				398D74B11A4A0E4600B127BD /* Products */,
			);
			sourceTree = "<group>";
		};
		398D74B11A4A0E4600B127BD /* Products */ = {
			isa = PBXGroup;
			children = (
				398D74B01A4A0E4600B127BD /* memolympics.app */,
				398D74C51A4A0E4600B127BD /* memolympicsTests.xctest */,
			);
			name = Products;
			sourceTree = "<group>";
		};
		398D74B21A4A0E4600B127BD /* memolympics */ = {
			isa = PBXGroup;
			children = (
				398D74B51A4A0E4600B127BD /* AppDelegate.swift */,
				39F74E1C1A57B8C900FF10D8 /* gameDifficultyViewController.swift */,
				398D74B91A4A0E4600B127BD /* Main.storyboard */,
				398D74D71A4A0E9900B127BD /* WordGame.swift */,
				39FE3BC31A5B869D0063D81C /* gameDifficulty.swift */,
				3928405C1A52053F00AA7CE8 /* WordGameViewController.swift */,
				39FBB8861A5606F500EE25C8 /* WordScroller.swift */,
				39FBB8821A55FEBB00EE25C8 /* TimeFunctions.swift */,
				39FBB8801A55FE6C00EE25C8 /* MemolympicsKit.swift */,
				398D74BC1A4A0E4600B127BD /* Images.xcassets */,
				398D74BE1A4A0E4600B127BD /* LaunchScreen.xib */,
				398D74B31A4A0E4600B127BD /* Supporting Files */,
				398D74D91A4A0F7800B127BD /* playground.playground */,
				398D74B71A4A0E4600B127BD /* ViewController.swift */,
			);
			path = memolympics;
			sourceTree = "<group>";
		};
		398D74B31A4A0E4600B127BD /* Supporting Files */ = {
			isa = PBXGroup;
			children = (
				398D74E71A4A52CC00B127BD /* dictutf8.txt */,
				398D74B41A4A0E4600B127BD /* Info.plist */,
			);
			name = "Supporting Files";
			sourceTree = "<group>";
		};
		398D74C81A4A0E4600B127BD /* memolympicsTests */ = {
			isa = PBXGroup;
			children = (
				398D74CB1A4A0E4600B127BD /* memolympicsTests.swift */,
				398D74C91A4A0E4600B127BD /* Supporting Files */,
			);
			path = memolympicsTests;
			sourceTree = "<group>";
		};
		398D74C91A4A0E4600B127BD /* Supporting Files */ = {
			isa = PBXGroup;
			children = (
				398D74CA1A4A0E4600B127BD /* Info.plist */,
			);
			name = "Supporting Files";
			sourceTree = "<group>";
		};
/* End PBXGroup section */

/* Begin PBXNativeTarget section */
		398D74AF1A4A0E4600B127BD /* memolympics */ = {
			isa = PBXNativeTarget;
			buildConfigurationList = 398D74CF1A4A0E4600B127BD /* Build configuration list for PBXNativeTarget "memolympics" */;
			buildPhases = (
				398D74AC1A4A0E4600B127BD /* Sources */,
				398D74AD1A4A0E4600B127BD /* Frameworks */,
				398D74AE1A4A0E4600B127BD /* Resources */,
			);
			buildRules = (
			);
			dependencies = (
			);
			name = memolympics;
			productName = memolympics;
			productReference = 398D74B01A4A0E4600B127BD /* memolympics.app */;
			productType = "com.apple.product-type.application";
		};
		398D74C41A4A0E4600B127BD /* memolympicsTests */ = {
			isa = PBXNativeTarget;
			buildConfigurationList = 398D74D21A4A0E4600B127BD /* Build configuration list for PBXNativeTarget "memolympicsTests" */;
			buildPhases = (
				398D74C11A4A0E4600B127BD /* Sources */,
				398D74C21A4A0E4600B127BD /* Frameworks */,
				398D74C31A4A0E4600B127BD /* Resources */,
			);
			buildRules = (
			);
			dependencies = (
				398D74C71A4A0E4600B127BD /* PBXTargetDependency */,
			);
			name = memolympicsTests;
			productName = memolympicsTests;
			productReference = 398D74C51A4A0E4600B127BD /* memolympicsTests.xctest */;
			productType = "com.apple.product-type.bundle.unit-test";
		};
/* End PBXNativeTarget section */

/* Begin PBXProject section */
		398D74A81A4A0E4600B127BD /* Project object */ = {
			isa = PBXProject;
			attributes = {
				LastUpgradeCheck = 0610;
				ORGANIZATIONNAME = "Destroy Me Productions";
				TargetAttributes = {
					398D74AF1A4A0E4600B127BD = {
						CreatedOnToolsVersion = 6.1.1;
					};
					398D74C41A4A0E4600B127BD = {
						CreatedOnToolsVersion = 6.1.1;
						TestTargetID = 398D74AF1A4A0E4600B127BD;
					};
				};
			};
			buildConfigurationList = 398D74AB1A4A0E4600B127BD /* Build configuration list for PBXProject "memolympics" */;
			compatibilityVersion = "Xcode 3.2";
			developmentRegion = English;
			hasScannedForEncodings = 0;
			knownRegions = (
				en,
				Base,
			);
			mainGroup = 398D74A71A4A0E4600B127BD;
			productRefGroup = 398D74B11A4A0E4600B127BD /* Products */;
			projectDirPath = "";
			projectRoot = "";
			targets = (
				398D74AF1A4A0E4600B127BD /* memolympics */,
				398D74C41A4A0E4600B127BD /* memolympicsTests */,
			);
		};
/* End PBXProject section */

/* Begin PBXResourcesBuildPhase section */
		398D74AE1A4A0E4600B127BD /* Resources */ = {
			isa = PBXResourcesBuildPhase;
			buildActionMask = 2147483647;
			files = (
				398D74BB1A4A0E4600B127BD /* Main.storyboard in Resources */,
				398D74E81A4A52CC00B127BD /* dictutf8.txt in Resources */,
				398D74C01A4A0E4600B127BD /* LaunchScreen.xib in Resources */,
				398D74BD1A4A0E4600B127BD /* Images.xcassets in Resources */,
			);
			runOnlyForDeploymentPostprocessing = 0;
		};
		398D74C31A4A0E4600B127BD /* Resources */ = {
			isa = PBXResourcesBuildPhase;
			buildActionMask = 2147483647;
			files = (
			);
			runOnlyForDeploymentPostprocessing = 0;
		};
/* End PBXResourcesBuildPhase section */

/* Begin PBXSourcesBuildPhase section */
		398D74AC1A4A0E4600B127BD /* Sources */ = {
			isa = PBXSourcesBuildPhase;
			buildActionMask = 2147483647;
			files = (
				39FBB8871A5606F500EE25C8 /* WordScroller.swift in Sources */,
				3928405D1A52053F00AA7CE8 /* WordGameViewController.swift in Sources */,
				39FE3BC41A5B869D0063D81C /* gameDifficulty.swift in Sources */,
				398D74D81A4A0E9900B127BD /* WordGame.swift in Sources */,
				39FBB8831A55FEBB00EE25C8 /* TimeFunctions.swift in Sources */,
				39FBB8811A55FE6C00EE25C8 /* MemolympicsKit.swift in Sources */,
				39F74E1D1A57B8C900FF10D8 /* gameDifficultyViewController.swift in Sources */,
				398D74B81A4A0E4600B127BD /* ViewController.swift in Sources */,
				398D74B61A4A0E4600B127BD /* AppDelegate.swift in Sources */,
			);
			runOnlyForDeploymentPostprocessing = 0;
		};
		398D74C11A4A0E4600B127BD /* Sources */ = {
			isa = PBXSourcesBuildPhase;
			buildActionMask = 2147483647;
			files = (
				398D74CC1A4A0E4600B127BD /* memolympicsTests.swift in Sources */,
			);
			runOnlyForDeploymentPostprocessing = 0;
		};
/* End PBXSourcesBuildPhase section */

/* Begin PBXTargetDependency section */
		398D74C71A4A0E4600B127BD /* PBXTargetDependency */ = {
			isa = PBXTargetDependency;
			target = 398D74AF1A4A0E4600B127BD /* memolympics */;
			targetProxy = 398D74C61A4A0E4600B127BD /* PBXContainerItemProxy */;
		};
/* End PBXTargetDependency section */

/* Begin PBXVariantGroup section */
		398D74B91A4A0E4600B127BD /* Main.storyboard */ = {
			isa = PBXVariantGroup;
			children = (
				398D74BA1A4A0E4600B127BD /* Base */,
			);
			name = Main.storyboard;
			sourceTree = "<group>";
		};
		398D74BE1A4A0E4600B127BD /* LaunchScreen.xib */ = {
			isa = PBXVariantGroup;
			children = (
				398D74BF1A4A0E4600B127BD /* Base */,
			);
			name = LaunchScreen.xib;
			sourceTree = "<group>";
		};
/* End PBXVariantGroup section */

/* Begin XCBuildConfiguration section */
		398D74CD1A4A0E4600B127BD /* Debug */ = {
			isa = XCBuildConfiguration;
			buildSettings = {
				ALWAYS_SEARCH_USER_PATHS = NO;
				CLANG_CXX_LANGUAGE_STANDARD = "gnu++0x";
				CLANG_CXX_LIBRARY = "libc++";
				CLANG_ENABLE_MODULES = YES;
				CLANG_ENABLE_OBJC_ARC = YES;
				CLANG_WARN_BOOL_CONVERSION = YES;
				CLANG_WARN_CONSTANT_CONVERSION = YES;
				CLANG_WARN_DIRECT_OBJC_ISA_USAGE = YES_ERROR;
				CLANG_WARN_EMPTY_BODY = YES;
				CLANG_WARN_ENUM_CONVERSION = YES;
				CLANG_WARN_INT_CONVERSION = YES;
				CLANG_WARN_OBJC_ROOT_CLASS = YES_ERROR;
				CLANG_WARN_UNREACHABLE_CODE = YES;
				CLANG_WARN__DUPLICATE_METHOD_MATCH = YES;
				"CODE_SIGN_IDENTITY[sdk=iphoneos*]" = "iPhone Developer";
				COPY_PHASE_STRIP = NO;
				ENABLE_STRICT_OBJC_MSGSEND = YES;
				GCC_C_LANGUAGE_STANDARD = gnu99;
				GCC_DYNAMIC_NO_PIC = NO;
				GCC_OPTIMIZATION_LEVEL = 0;
				GCC_PREPROCESSOR_DEFINITIONS = (
					"DEBUG=1",
					"$(inherited)",
				);
				GCC_SYMBOLS_PRIVATE_EXTERN = NO;
				GCC_WARN_64_TO_32_BIT_CONVERSION = YES;
				GCC_WARN_ABOUT_RETURN_TYPE = YES_ERROR;
				GCC_WARN_UNDECLARED_SELECTOR = YES;
				GCC_WARN_UNINITIALIZED_AUTOS = YES_AGGRESSIVE;
				GCC_WARN_UNUSED_FUNCTION = YES;
				GCC_WARN_UNUSED_VARIABLE = YES;
				IPHONEOS_DEPLOYMENT_TARGET = 8.1;
				MTL_ENABLE_DEBUG_INFO = YES;
				ONLY_ACTIVE_ARCH = YES;
				SDKROOT = iphoneos;
				SWIFT_OPTIMIZATION_LEVEL = "-Onone";
			};
			name = Debug;
		};
		398D74CE1A4A0E4600B127BD /* Release */ = {
			isa = XCBuildConfiguration;
			buildSettings = {
				ALWAYS_SEARCH_USER_PATHS = NO;
				CLANG_CXX_LANGUAGE_STANDARD = "gnu++0x";
				CLANG_CXX_LIBRARY = "libc++";
				CLANG_ENABLE_MODULES = YES;
				CLANG_ENABLE_OBJC_ARC = YES;
				CLANG_WARN_BOOL_CONVERSION = YES;
				CLANG_WARN_CONSTANT_CONVERSION = YES;
				CLANG_WARN_DIRECT_OBJC_ISA_USAGE = YES_ERROR;
				CLANG_WARN_EMPTY_BODY = YES;
				CLANG_WARN_ENUM_CONVERSION = YES;
				CLANG_WARN_INT_CONVERSION = YES;
				CLANG_WARN_OBJC_ROOT_CLASS = YES_ERROR;
				CLANG_WARN_UNREACHABLE_CODE = YES;
				CLANG_WARN__DUPLICATE_METHOD_MATCH = YES;
				"CODE_SIGN_IDENTITY[sdk=iphoneos*]" = "iPhone Developer";
				COPY_PHASE_STRIP = YES;
				ENABLE_NS_ASSERTIONS = NO;
				ENABLE_STRICT_OBJC_MSGSEND = YES;
				GCC_C_LANGUAGE_STANDARD = gnu99;
				GCC_WARN_64_TO_32_BIT_CONVERSION = YES;
				GCC_WARN_ABOUT_RETURN_TYPE = YES_ERROR;
				GCC_WARN_UNDECLARED_SELECTOR = YES;
				GCC_WARN_UNINITIALIZED_AUTOS = YES_AGGRESSIVE;
				GCC_WARN_UNUSED_FUNCTION = YES;
				GCC_WARN_UNUSED_VARIABLE = YES;
				IPHONEOS_DEPLOYMENT_TARGET = 8.1;
				MTL_ENABLE_DEBUG_INFO = NO;
				SDKROOT = iphoneos;
				VALIDATE_PRODUCT = YES;
			};
			name = Release;
		};
		398D74D01A4A0E4600B127BD /* Debug */ = {
			isa = XCBuildConfiguration;
			buildSettings = {
				ASSETCATALOG_COMPILER_APPICON_NAME = AppIcon;
				INFOPLIST_FILE = memolympics/Info.plist;
				LD_RUNPATH_SEARCH_PATHS = "$(inherited) @executable_path/Frameworks";
				PRODUCT_NAME = "$(TARGET_NAME)";
			};
			name = Debug;
		};
		398D74D11A4A0E4600B127BD /* Release */ = {
			isa = XCBuildConfiguration;
			buildSettings = {
				ASSETCATALOG_COMPILER_APPICON_NAME = AppIcon;
				INFOPLIST_FILE = memolympics/Info.plist;
				LD_RUNPATH_SEARCH_PATHS = "$(inherited) @executable_path/Frameworks";
				PRODUCT_NAME = "$(TARGET_NAME)";
			};
			name = Release;
		};
		398D74D31A4A0E4600B127BD /* Debug */ = {
			isa = XCBuildConfiguration;
			buildSettings = {
				BUNDLE_LOADER = "$(TEST_HOST)";
				FRAMEWORK_SEARCH_PATHS = (
					"$(SDKROOT)/Developer/Library/Frameworks",
					"$(inherited)",
				);
				GCC_PREPROCESSOR_DEFINITIONS = (
					"DEBUG=1",
					"$(inherited)",
				);
				INFOPLIST_FILE = memolympicsTests/Info.plist;
				LD_RUNPATH_SEARCH_PATHS = "$(inherited) @executable_path/Frameworks @loader_path/Frameworks";
				PRODUCT_NAME = "$(TARGET_NAME)";
				TEST_HOST = "$(BUILT_PRODUCTS_DIR)/memolympics.app/memolympics";
			};
			name = Debug;
		};
		398D74D41A4A0E4600B127BD /* Release */ = {
			isa = XCBuildConfiguration;
			buildSettings = {
				BUNDLE_LOADER = "$(TEST_HOST)";
				FRAMEWORK_SEARCH_PATHS = (
					"$(SDKROOT)/Developer/Library/Frameworks",
					"$(inherited)",
				);
				INFOPLIST_FILE = memolympicsTests/Info.plist;
				LD_RUNPATH_SEARCH_PATHS = "$(inherited) @executable_path/Frameworks @loader_path/Frameworks";
				PRODUCT_NAME = "$(TARGET_NAME)";
				TEST_HOST = "$(BUILT_PRODUCTS_DIR)/memolympics.app/memolympics";
			};
			name = Release;
		};
/* End XCBuildConfiguration section */

/* Begin XCConfigurationList section */
		398D74AB1A4A0E4600B127BD /* Build configuration list for PBXProject "memolympics" */ = {
			isa = XCConfigurationList;
			buildConfigurations = (
				398D74CD1A4A0E4600B127BD /* Debug */,
				398D74CE1A4A0E4600B127BD /* Release */,
			);
			defaultConfigurationIsVisible = 0;
			defaultConfigurationName = Release;
		};
		398D74CF1A4A0E4600B127BD /* Build configuration list for PBXNativeTarget "memolympics" */ = {
			isa = XCConfigurationList;
			buildConfigurations = (
				398D74D01A4A0E4600B127BD /* Debug */,
				398D74D11A4A0E4600B127BD /* Release */,
			);
			defaultConfigurationIsVisible = 0;
			defaultConfigurationName = Release;
		};
		398D74D21A4A0E4600B127BD /* Build configuration list for PBXNativeTarget "memolympicsTests" */ = {
			isa = XCConfigurationList;
			buildConfigurations = (
				398D74D31A4A0E4600B127BD /* Debug */,
				398D74D41A4A0E4600B127BD /* Release */,
			);
			defaultConfigurationIsVisible = 0;
			defaultConfigurationName = Release;
		};
/* End XCConfigurationList section */
	};
	rootObject = 398D74A81A4A0E4600B127BD /* Project object */;
}
